// !$*UTF8*$!
{
	archiveVersion = 1;
	classes = {
	};
	objectVersion = 50;
	objects = {

/* Begin PBXBuildFile section */
		B65ADFA126D01D01002CE42D /* NanoChallenge6App.swift in Sources */ = {isa = PBXBuildFile; fileRef = B65ADFA026D01D01002CE42D /* NanoChallenge6App.swift */; };
		B65ADFA326D01D01002CE42D /* ContentView.swift in Sources */ = {isa = PBXBuildFile; fileRef = B65ADFA226D01D01002CE42D /* ContentView.swift */; };
		B65ADFA526D01D0D002CE42D /* Assets.xcassets in Resources */ = {isa = PBXBuildFile; fileRef = B65ADFA426D01D0D002CE42D /* Assets.xcassets */; };
		B65ADFA826D01D0D002CE42D /* Preview Assets.xcassets in Resources */ = {isa = PBXBuildFile; fileRef = B65ADFA726D01D0D002CE42D /* Preview Assets.xcassets */; };
/* End PBXBuildFile section */

/* Begin PBXFileReference section */
		B65ADF9D26D01D01002CE42D /* NanoChallenge6.app */ = {isa = PBXFileReference; explicitFileType = wrapper.application; includeInIndex = 0; path = NanoChallenge6.app; sourceTree = BUILT_PRODUCTS_DIR; };
		B65ADFA026D01D01002CE42D /* NanoChallenge6App.swift */ = {isa = PBXFileReference; lastKnownFileType = sourcecode.swift; path = NanoChallenge6App.swift; sourceTree = "<group>"; };
		B65ADFA226D01D01002CE42D /* ContentView.swift */ = {isa = PBXFileReference; lastKnownFileType = sourcecode.swift; path = ContentView.swift; sourceTree = "<group>"; };
		B65ADFA426D01D0D002CE42D /* Assets.xcassets */ = {isa = PBXFileReference; lastKnownFileType = folder.assetcatalog; path = Assets.xcassets; sourceTree = "<group>"; };
		B65ADFA726D01D0D002CE42D /* Preview Assets.xcassets */ = {isa = PBXFileReference; lastKnownFileType = folder.assetcatalog; path = "Preview Assets.xcassets"; sourceTree = "<group>"; };
		B65ADFA926D01D0D002CE42D /* Info.plist */ = {isa = PBXFileReference; lastKnownFileType = text.plist.xml; path = Info.plist; sourceTree = "<group>"; };
/* End PBXFileReference section */

/* Begin PBXFrameworksBuildPhase section */
		B65ADF9A26D01D01002CE42D /* Frameworks */ = {
			isa = PBXFrameworksBuildPhase;
			buildActionMask = 2147483647;
			files = (
			);
			runOnlyForDeploymentPostprocessing = 0;
		};
/* End PBXFrameworksBuildPhase section */

/* Begin PBXGroup section */
		B65ADF9426D01D01002CE42D = {
			isa = PBXGroup;
			children = (
				B65ADF9F26D01D01002CE42D /* NanoChallenge6 */,
				B65ADF9E26D01D01002CE42D /* Products */,
			);
			sourceTree = "<group>";
		};
		B65ADF9E26D01D01002CE42D /* Products */ = {
			isa = PBXGroup;
			children = (
				B65ADF9D26D01D01002CE42D /* NanoChallenge6.app */,
			);
			name = Products;
			sourceTree = "<group>";
		};
		B65ADF9F26D01D01002CE42D /* NanoChallenge6 */ = {
			isa = PBXGroup;
			children = (
				B65ADFA026D01D01002CE42D /* NanoChallenge6App.swift */,
				B65ADFA226D01D01002CE42D /* ContentView.swift */,
				B65ADFA426D01D0D002CE42D /* Assets.xcassets */,
				B65ADFA926D01D0D002CE42D /* Info.plist */,
				B65ADFA626D01D0D002CE42D /* Preview Content */,
			);
			path = NanoChallenge6;
			sourceTree = "<group>";
		};
		B65ADFA626D01D0D002CE42D /* Preview Content */ = {
			isa = PBXGroup;
			children = (
				B65ADFA726D01D0D002CE42D /* Preview Assets.xcassets */,
			);
			path = "Preview Content";
			sourceTree = "<group>";
		};
/* End PBXGroup section */

/* Begin PBXNativeTarget section */
		B65ADF9C26D01D01002CE42D /* NanoChallenge6 */ = {
			isa = PBXNativeTarget;
			buildConfigurationList = B65ADFAC26D01D0D002CE42D /* Build configuration list for PBXNativeTarget "NanoChallenge6" */;
			buildPhases = (
				B65ADF9926D01D01002CE42D /* Sources */,
				B65ADF9A26D01D01002CE42D /* Frameworks */,
				B65ADF9B26D01D01002CE42D /* Resources */,
			);
			buildRules = (
			);
			dependencies = (
			);
			name = NanoChallenge6;
			productName = NanoChallenge6;
			productReference = B65ADF9D26D01D01002CE42D /* NanoChallenge6.app */;
			productType = "com.apple.product-type.application";
		};
/* End PBXNativeTarget section */

/* Begin PBXProject section */
		B65ADF9526D01D01002CE42D /* Project object */ = {
			isa = PBXProject;
			attributes = {
				LastSwiftUpdateCheck = 1240;
				LastUpgradeCheck = 1240;
				TargetAttributes = {
					B65ADF9C26D01D01002CE42D = {
						CreatedOnToolsVersion = 12.4;
					};
				};
			};
			buildConfigurationList = B65ADF9826D01D01002CE42D /* Build configuration list for PBXProject "NanoChallenge6" */;
			compatibilityVersion = "Xcode 9.3";
			developmentRegion = en;
			hasScannedForEncodings = 0;
			knownRegions = (
				en,
				Base,
			);
			mainGroup = B65ADF9426D01D01002CE42D;
			productRefGroup = B65ADF9E26D01D01002CE42D /* Products */;
			projectDirPath = "";
			projectRoot = "";
			targets = (
				B65ADF9C26D01D01002CE42D /* NanoChallenge6 */,
			);
		};
/* End PBXProject section */

/* Begin PBXResourcesBuildPhase section */
		B65ADF9B26D01D01002CE42D /* Resources */ = {
			isa = PBXResourcesBuildPhase;
			buildActionMask = 2147483647;
			files = (
				B65ADFA826D01D0D002CE42D /* Preview Assets.xcassets in Resources */,
				B65ADFA526D01D0D002CE42D /* Assets.xcassets in Resources */,
			);
			runOnlyForDeploymentPostprocessing = 0;
		};
/* End PBXResourcesBuildPhase section */

/* Begin PBXSourcesBuildPhase section */
		B65ADF9926D01D01002CE42D /* Sources */ = {
			isa = PBXSourcesBuildPhase;
			buildActionMask = 2147483647;
			files = (
				B65ADFA326D01D01002CE42D /* ContentView.swift in Sources */,
				B65ADFA126D01D01002CE42D /* NanoChallenge6App.swift in Sources */,
			);
			runOnlyForDeploymentPostprocessing = 0;
		};
/* End PBXSourcesBuildPhase section */

/* Begin XCBuildConfiguration section */
		B65ADFAA26D01D0D002CE42D /* Debug */ = {
			isa = XCBuildConfiguration;
			buildSettings = {
				ALWAYS_SEARCH_USER_PATHS = NO;
				CLANG_ANALYZER_NONNULL = YES;
				CLANG_ANALYZER_NUMBER_OBJECT_CONVERSION = YES_AGGRESSIVE;
				CLANG_CXX_LANGUAGE_STANDARD = "gnu++14";
				CLANG_CXX_LIBRARY = "libc++";
				CLANG_ENABLE_MODULES = YES;
				CLANG_ENABLE_OBJC_ARC = YES;
				CLANG_ENABLE_OBJC_WEAK = YES;
				CLANG_WARN_BLOCK_CAPTURE_AUTORELEASING = YES;
				CLANG_WARN_BOOL_CONVERSION = YES;
				CLANG_WARN_COMMA = YES;
				CLANG_WARN_CONSTANT_CONVERSION = YES;
				CLANG_WARN_DEPRECATED_OBJC_IMPLEMENTATIONS = YES;
				CLANG_WARN_DIRECT_OBJC_ISA_USAGE = YES_ERROR;
				CLANG_WARN_DOCUMENTATION_COMMENTS = YES;
				CLANG_WARN_EMPTY_BODY = YES;
				CLANG_WARN_ENUM_CONVERSION = YES;
				CLANG_WARN_INFINITE_RECURSION = YES;
				CLANG_WARN_INT_CONVERSION = YES;
				CLANG_WARN_NON_LITERAL_NULL_CONVERSION = YES;
				CLANG_WARN_OBJC_IMPLICIT_RETAIN_SELF = YES;
				CLANG_WARN_OBJC_LITERAL_CONVERSION = YES;
				CLANG_WARN_OBJC_ROOT_CLASS = YES_ERROR;
				CLANG_WARN_QUOTED_INCLUDE_IN_FRAMEWORK_HEADER = YES;
				CLANG_WARN_RANGE_LOOP_ANALYSIS = YES;
				CLANG_WARN_STRICT_PROTOTYPES = YES;
				CLANG_WARN_SUSPICIOUS_MOVE = YES;
				CLANG_WARN_UNGUARDED_AVAILABILITY = YES_AGGRESSIVE;
				CLANG_WARN_UNREACHABLE_CODE = YES;
				CLANG_WARN__DUPLICATE_METHOD_MATCH = YES;
				COPY_PHASE_STRIP = NO;
				DEBUG_INFORMATION_FORMAT = dwarf;
				ENABLE_STRICT_OBJC_MSGSEND = YES;
				ENABLE_TESTABILITY = YES;
				GCC_C_LANGUAGE_STANDARD = gnu11;
				GCC_DYNAMIC_NO_PIC = NO;
				GCC_NO_COMMON_BLOCKS = YES;
				GCC_OPTIMIZATION_LEVEL = 0;
				GCC_PREPROCESSOR_DEFINITIONS = (
					"DEBUG=1",
					"$(inherited)",
				);
				GCC_WARN_64_TO_32_BIT_CONVERSION = YES;
				GCC_WARN_ABOUT_RETURN_TYPE = YES_ERROR;
				GCC_WARN_UNDECLARED_SELECTOR = YES;
				GCC_WARN_UNINITIALIZED_AUTOS = YES_AGGRESSIVE;
				GCC_WARN_UNUSED_FUNCTION = YES;
				GCC_WARN_UNUSED_VARIABLE = YES;
				IPHONEOS_DEPLOYMENT_TARGET = 14.4;
				MTL_ENABLE_DEBUG_INFO = INCLUDE_SOURCE;
				MTL_FAST_MATH = YES;
				ONLY_ACTIVE_ARCH = YES;
				SDKROOT = iphoneos;
				SWIFT_ACTIVE_COMPILATION_CONDITIONS = DEBUG;
				SWIFT_OPTIMIZATION_LEVEL = "-Onone";
			};
			name = Debug;
		};
		B65ADFAB26D01D0D002CE42D /* Release */ = {
			isa = XCBuildConfiguration;
			buildSettings = {
				ALWAYS_SEARCH_USER_PATHS = NO;
				CLANG_ANALYZER_NONNULL = YES;
				CLANG_ANALYZER_NUMBER_OBJECT_CONVERSION = YES_AGGRESSIVE;
				CLANG_CXX_LANGUAGE_STANDARD = "gnu++14";
				CLANG_CXX_LIBRARY = "libc++";
				CLANG_ENABLE_MODULES = YES;
				CLANG_ENABLE_OBJC_ARC = YES;
				CLANG_ENABLE_OBJC_WEAK = YES;
				CLANG_WARN_BLOCK_CAPTURE_AUTORELEASING = YES;
				CLANG_WARN_BOOL_CONVERSION = YES;
				CLANG_WARN_COMMA = YES;
				CLANG_WARN_CONSTANT_CONVERSION = YES;
				CLANG_WARN_DEPRECATED_OBJC_IMPLEMENTATIONS = YES;
				CLANG_WARN_DIRECT_OBJC_ISA_USAGE = YES_ERROR;
				CLANG_WARN_DOCUMENTATION_COMMENTS = YES;
				CLANG_WARN_EMPTY_BODY = YES;
				CLANG_WARN_ENUM_CONVERSION = YES;
				CLANG_WARN_INFINITE_RECURSION = YES;
				CLANG_WARN_INT_CONVERSION = YES;
				CLANG_WARN_NON_LITERAL_NULL_CONVERSION = YES;
				CLANG_WARN_OBJC_IMPLICIT_RETAIN_SELF = YES;
				CLANG_WARN_OBJC_LITERAL_CONVERSION = YES;
				CLANG_WARN_OBJC_ROOT_CLASS = YES_ERROR;
				CLANG_WARN_QUOTED_INCLUDE_IN_FRAMEWORK_HEADER = YES;
				CLANG_WARN_RANGE_LOOP_ANALYSIS = YES;
				CLANG_WARN_STRICT_PROTOTYPES = YES;
				CLANG_WARN_SUSPICIOUS_MOVE = YES;
				CLANG_WARN_UNGUARDED_AVAILABILITY = YES_AGGRESSIVE;
				CLANG_WARN_UNREACHABLE_CODE = YES;
				CLANG_WARN__DUPLICATE_METHOD_MATCH = YES;
				COPY_PHASE_STRIP = NO;
				DEBUG_INFORMATION_FORMAT = "dwarf-with-dsym";
				ENABLE_NS_ASSERTIONS = NO;
				ENABLE_STRICT_OBJC_MSGSEND = YES;
				GCC_C_LANGUAGE_STANDARD = gnu11;
				GCC_NO_COMMON_BLOCKS = YES;
				GCC_WARN_64_TO_32_BIT_CONVERSION = YES;
				GCC_WARN_ABOUT_RETURN_TYPE = YES_ERROR;
				GCC_WARN_UNDECLARED_SELECTOR = YES;
				GCC_WARN_UNINITIALIZED_AUTOS = YES_AGGRESSIVE;
				GCC_WARN_UNUSED_FUNCTION = YES;
				GCC_WARN_UNUSED_VARIABLE = YES;
				IPHONEOS_DEPLOYMENT_TARGET = 14.4;
				MTL_ENABLE_DEBUG_INFO = NO;
				MTL_FAST_MATH = YES;
				SDKROOT = iphoneos;
				SWIFT_COMPILATION_MODE = wholemodule;
				SWIFT_OPTIMIZATION_LEVEL = "-O";
				VALIDATE_PRODUCT = YES;
			};
			name = Release;
		};
		B65ADFAD26D01D0D002CE42D /* Debug */ = {
			isa = XCBuildConfiguration;
			buildSettings = {
				ASSETCATALOG_COMPILER_APPICON_NAME = AppIcon;
				ASSETCATALOG_COMPILER_GLOBAL_ACCENT_COLOR_NAME = AccentColor;
				CODE_SIGN_STYLE = Automatic;
				DEVELOPMENT_ASSET_PATHS = "\"NanoChallenge6/Preview Content\"";
				DEVELOPMENT_TEAM = ARQY7RCV8V;
				ENABLE_PREVIEWS = YES;
				INFOPLIST_FILE = NanoChallenge6/Info.plist;
				IPHONEOS_DEPLOYMENT_TARGET = 14.0;
				LD_RUNPATH_SEARCH_PATHS = (
					"$(inherited)",
					"@executable_path/Frameworks",
				);
				PRODUCT_BUNDLE_IDENTIFIER = AcademySenac.NanoChallenge6;
				PRODUCT_NAME = "$(TARGET_NAME)";
				SWIFT_VERSION = 5.0;
				TARGETED_DEVICE_FAMILY = "1,2";
			};
			name = Debug;
		};
		B65ADFAE26D01D0D002CE42D /* Release */ = {
			isa = XCBuildConfiguration;
			buildSettings = {
				ASSETCATALOG_COMPILER_APPICON_NAME = AppIcon;
				ASSETCATALOG_COMPILER_GLOBAL_ACCENT_COLOR_NAME = AccentColor;
				CODE_SIGN_STYLE = Automatic;
				DEVELOPMENT_ASSET_PATHS = "\"NanoChallenge6/Preview Content\"";
				DEVELOPMENT_TEAM = ARQY7RCV8V;
				ENABLE_PREVIEWS = YES;
				INFOPLIST_FILE = NanoChallenge6/Info.plist;
				IPHONEOS_DEPLOYMENT_TARGET = 14.0;
				LD_RUNPATH_SEARCH_PATHS = (
					"$(inherited)",
					"@executable_path/Frameworks",
				);
				PRODUCT_BUNDLE_IDENTIFIER = AcademySenac.NanoChallenge6;
				PRODUCT_NAME = "$(TARGET_NAME)";
				SWIFT_VERSION = 5.0;
				TARGETED_DEVICE_FAMILY = "1,2";
			};
			name = Release;
		};
/* End XCBuildConfiguration section */

/* Begin XCConfigurationList section */
		B65ADF9826D01D01002CE42D /* Build configuration list for PBXProject "NanoChallenge6" */ = {
			isa = XCConfigurationList;
			buildConfigurations = (
				B65ADFAA26D01D0D002CE42D /* Debug */,
				B65ADFAB26D01D0D002CE42D /* Release */,
			);
			defaultConfigurationIsVisible = 0;
			defaultConfigurationName = Release;
		};
		B65ADFAC26D01D0D002CE42D /* Build configuration list for PBXNativeTarget "NanoChallenge6" */ = {
			isa = XCConfigurationList;
			buildConfigurations = (
				B65ADFAD26D01D0D002CE42D /* Debug */,
				B65ADFAE26D01D0D002CE42D /* Release */,
			);
			defaultConfigurationIsVisible = 0;
			defaultConfigurationName = Release;
		};
/* End XCConfigurationList section */
	};
	rootObject = B65ADF9526D01D01002CE42D /* Project object */;
}
